
Microsoft Visual Studio Solution File, Format Version 12.00
# Visual Studio Version 16
VisualStudioVersion = 16.0.35325.158
MinimumVisualStudioVersion = 10.0.40219.1
Project("{FAE04EC0-301F-11D3-BF4B-00C04F79EFBC}") = "DISEÑO DE INTERFAZ", "DISEÑO DE INTERFAZ\DISEÑO DE INTERFAZ.csproj", "{5F004748-75F4-4529-A78C-6D92E33B840E}"
EndProject
Global
	GlobalSection(SolutionConfigurationPlatforms) = preSolution
		Debug|Any CPU = Debug|Any CPU
		Release|Any CPU = Release|Any CPU
	EndGlobalSection
	GlobalSection(ProjectConfigurationPlatforms) = postSolution
		{5F004748-75F4-4529-A78C-6D92E33B840E}.Debug|Any CPU.ActiveCfg = Debug|Any CPU
		{5F004748-75F4-4529-A78C-6D92E33B840E}.Debug|Any CPU.Build.0 = Debug|Any CPU
		{5F004748-75F4-4529-A78C-6D92E33B840E}.Release|Any CPU.ActiveCfg = Release|Any CPU
		{5F004748-75F4-4529-A78C-6D92E33B840E}.Release|Any CPU.Build.0 = Release|Any CPU
	EndGlobalSection
	GlobalSection(SolutionProperties) = preSolution
		HideSolutionNode = FALSE
	EndGlobalSection
	GlobalSection(ExtensibilityGlobals) = postSolution
		SolutionGuid = {714A88E0-FD9D-435C-9CE4-27D62BE24696}
	EndGlobalSection
EndGlobal
